{
  "name": "purely-functional-data-structures",
  "version": "0.0.0",
  "lockfileVersion": 1,
  "requires": true,
  "dependencies": {
    "tallstack": {
      "version": "0.1.3",
      "resolved": "https://registry.npmjs.org/tallstack/-/tallstack-0.1.3.tgz",
      "integrity": "sha512-VJX8pp4v4sHa7UtmlEtzqMMyZE6aVSRUtMP+E8pc64Aew23oKt6GzO0ZA9VIRIJwgL1jpaxhvPKdU113pkhFmg=="
    }
  }
}
